
Microsoft Visual Studio Solution File, Format Version 12.00
# Visual Studio Version 17
VisualStudioVersion = 17.9.34607.119
MinimumVisualStudioVersion = 10.0.40219.1
Project("{FAE04EC0-301F-11D3-BF4B-00C04F79EFBC}") = "CubeRender", "CubeRender.csproj", "{FC58AC5F-BD62-465A-9884-4AA834E0E307}"
EndProject
Global
	GlobalSection(SolutionConfigurationPlatforms) = preSolution
		Debug|Any CPU = Debug|Any CPU
		Release|Any CPU = Release|Any CPU
	EndGlobalSection
	GlobalSection(ProjectConfigurationPlatforms) = postSolution
		{FC58AC5F-BD62-465A-9884-4AA834E0E307}.Debug|Any CPU.ActiveCfg = Debug|Any CPU
		{FC58AC5F-BD62-465A-9884-4AA834E0E307}.Debug|Any CPU.Build.0 = Debug|Any CPU
		{FC58AC5F-BD62-465A-9884-4AA834E0E307}.Release|Any CPU.ActiveCfg = Release|Any CPU
		{FC58AC5F-BD62-465A-9884-4AA834E0E307}.Release|Any CPU.Build.0 = Release|Any CPU
	EndGlobalSection
	GlobalSection(SolutionProperties) = preSolution
		HideSolutionNode = FALSE
	EndGlobalSection
	GlobalSection(ExtensibilityGlobals) = postSolution
		SolutionGuid = {D8FA9944-6847-4CA5-9D88-A8F9F09588EA}
	EndGlobalSection
EndGlobal
